// !$*UTF8*$!
{
	archiveVersion = 1;
	classes = {
	};
	objectVersion = 46;
	objects = {

/* Begin PBXBuildFile section */
		B8165E661DDB39C6008E3059 /* ChenEasonLib.h in Headers */ = {isa = PBXBuildFile; fileRef = B8165E641DDB39C6008E3059 /* ChenEasonLib.h */; settings = {ATTRIBUTES = (Public, ); }; };
		B8165E6E1DDB39D8008E3059 /* ChenEasonObject.h in Headers */ = {isa = PBXBuildFile; fileRef = B8165E6C1DDB39D8008E3059 /* ChenEasonObject.h */; settings = {ATTRIBUTES = (Public, ); }; };
		B8165E6F1DDB39D8008E3059 /* ChenEasonObject.m in Sources */ = {isa = PBXBuildFile; fileRef = B8165E6D1DDB39D8008E3059 /* ChenEasonObject.m */; };
		B8165E711DDB3A50008E3059 /* ZhouJielunObject.h in Headers */ = {isa = PBXBuildFile; fileRef = B8165E701DDB3A50008E3059 /* ZhouJielunObject.h */; settings = {ATTRIBUTES = (Public, ); }; };
		B8165EA71DDB3B7C008E3059 /* LinXiObject.h in Headers */ = {isa = PBXBuildFile; fileRef = B8165EA61DDB3B7C008E3059 /* LinXiObject.h */; settings = {ATTRIBUTES = (Public, ); }; };
		B88D8DF31DDC39130070EFD3 /* ZhouJielunLib.framework in Frameworks */ = {isa = PBXBuildFile; fileRef = B88D8DF21DDC39130070EFD3 /* ZhouJielunLib.framework */; };
		B88D8DF51DDC39180070EFD3 /* LinXiLib.framework in Frameworks */ = {isa = PBXBuildFile; fileRef = B88D8DF41DDC39180070EFD3 /* LinXiLib.framework */; };
/* End PBXBuildFile section */

/* Begin PBXCopyFilesBuildPhase section */
		B88D8DF91DDC444F0070EFD3 /* CopyFiles */ = {
			isa = PBXCopyFilesBuildPhase;
			buildActionMask = 2147483647;
			dstPath = "";
			dstSubfolderSpec = 10;
			files = (
			);
			runOnlyForDeploymentPostprocessing = 0;
		};
/* End PBXCopyFilesBuildPhase section */

/* Begin PBXFileReference section */
		B8165E611DDB39C6008E3059 /* ChenEasonLib.framework */ = {isa = PBXFileReference; explicitFileType = wrapper.framework; includeInIndex = 0; path = ChenEasonLib.framework; sourceTree = BUILT_PRODUCTS_DIR; };
		B8165E641DDB39C6008E3059 /* ChenEasonLib.h */ = {isa = PBXFileReference; lastKnownFileType = sourcecode.c.h; path = ChenEasonLib.h; sourceTree = "<group>"; };
		B8165E651DDB39C6008E3059 /* Info.plist */ = {isa = PBXFileReference; lastKnownFileType = text.plist.xml; path = Info.plist; sourceTree = "<group>"; };
		B8165E6C1DDB39D8008E3059 /* ChenEasonObject.h */ = {isa = PBXFileReference; fileEncoding = 4; lastKnownFileType = sourcecode.c.h; path = ChenEasonObject.h; sourceTree = "<group>"; };
		B8165E6D1DDB39D8008E3059 /* ChenEasonObject.m */ = {isa = PBXFileReference; fileEncoding = 4; lastKnownFileType = sourcecode.c.objc; path = ChenEasonObject.m; sourceTree = "<group>"; };
		B8165E701DDB3A50008E3059 /* ZhouJielunObject.h */ = {isa = PBXFileReference; fileEncoding = 4; lastKnownFileType = sourcecode.c.h; name = ZhouJielunObject.h; path = ../../ZhouJielunLib/ZhouJielunLib/ZhouJielunObject.h; sourceTree = "<group>"; };
		B8165EA61DDB3B7C008E3059 /* LinXiObject.h */ = {isa = PBXFileReference; fileEncoding = 4; lastKnownFileType = sourcecode.c.h; name = LinXiObject.h; path = ../../LinXiLib/LinXiLib/LinXiObject.h; sourceTree = "<group>"; };
		B88D8DF21DDC39130070EFD3 /* ZhouJielunLib.framework */ = {isa = PBXFileReference; lastKnownFileType = wrapper.framework; name = ZhouJielunLib.framework; path = "../../../../Library/Developer/Xcode/DerivedData/DependencyLibraryDemo-euegcgztoidxueeezutxvulpqqfo/Build/Products/Debug-iphonesimulator/ZhouJielunLib.framework"; sourceTree = "<group>"; };
		B88D8DF41DDC39180070EFD3 /* LinXiLib.framework */ = {isa = PBXFileReference; lastKnownFileType = wrapper.framework; name = LinXiLib.framework; path = "../../../../Library/Developer/Xcode/DerivedData/DependencyLibraryDemo-euegcgztoidxueeezutxvulpqqfo/Build/Products/Debug-iphonesimulator/LinXiLib.framework"; sourceTree = "<group>"; };
/* End PBXFileReference section */

/* Begin PBXFrameworksBuildPhase section */
		B8165E5D1DDB39C6008E3059 /* Frameworks */ = {
			isa = PBXFrameworksBuildPhase;
			buildActionMask = 2147483647;
			files = (
				B88D8DF51DDC39180070EFD3 /* LinXiLib.framework in Frameworks */,
				B88D8DF31DDC39130070EFD3 /* ZhouJielunLib.framework in Frameworks */,
			);
			runOnlyForDeploymentPostprocessing = 0;
		};
/* End PBXFrameworksBuildPhase section */

/* Begin PBXGroup section */
		B8165E571DDB39C6008E3059 = {
			isa = PBXGroup;
			children = (
				B8165E631DDB39C6008E3059 /* ChenEasonLib */,
				B8165E621DDB39C6008E3059 /* Products */,
				B88D8DE91DDC38380070EFD3 /* Frameworks */,
			);
			sourceTree = "<group>";
		};
		B8165E621DDB39C6008E3059 /* Products */ = {
			isa = PBXGroup;
			children = (
				B8165E611DDB39C6008E3059 /* ChenEasonLib.framework */,
			);
			name = Products;
			sourceTree = "<group>";
		};
		B8165E631DDB39C6008E3059 /* ChenEasonLib */ = {
			isa = PBXGroup;
			children = (
				B8165EA61DDB3B7C008E3059 /* LinXiObject.h */,
				B8165E701DDB3A50008E3059 /* ZhouJielunObject.h */,
				B8165E641DDB39C6008E3059 /* ChenEasonLib.h */,
				B8165E651DDB39C6008E3059 /* Info.plist */,
				B8165E6C1DDB39D8008E3059 /* ChenEasonObject.h */,
				B8165E6D1DDB39D8008E3059 /* ChenEasonObject.m */,
			);
			path = ChenEasonLib;
			sourceTree = "<group>";
		};
		B88D8DE91DDC38380070EFD3 /* Frameworks */ = {
			isa = PBXGroup;
			children = (
				B88D8DF41DDC39180070EFD3 /* LinXiLib.framework */,
				B88D8DF21DDC39130070EFD3 /* ZhouJielunLib.framework */,
			);
			name = Frameworks;
			sourceTree = "<group>";
		};
/* End PBXGroup section */

/* Begin PBXHeadersBuildPhase section */
		B8165E5E1DDB39C6008E3059 /* Headers */ = {
			isa = PBXHeadersBuildPhase;
			buildActionMask = 2147483647;
			files = (
				B8165E6E1DDB39D8008E3059 /* ChenEasonObject.h in Headers */,
				B8165EA71DDB3B7C008E3059 /* LinXiObject.h in Headers */,
				B8165E711DDB3A50008E3059 /* ZhouJielunObject.h in Headers */,
				B8165E661DDB39C6008E3059 /* ChenEasonLib.h in Headers */,
			);
			runOnlyForDeploymentPostprocessing = 0;
		};
/* End PBXHeadersBuildPhase section */

/* Begin PBXNativeTarget section */
		B8165E601DDB39C6008E3059 /* ChenEasonLib */ = {
			isa = PBXNativeTarget;
			buildConfigurationList = B8165E691DDB39C6008E3059 /* Build configuration list for PBXNativeTarget "ChenEasonLib" */;
			buildPhases = (
				B8165E5C1DDB39C6008E3059 /* Sources */,
				B8165E5D1DDB39C6008E3059 /* Frameworks */,
				B8165E5E1DDB39C6008E3059 /* Headers */,
				B8165E5F1DDB39C6008E3059 /* Resources */,
				B88D8DF91DDC444F0070EFD3 /* CopyFiles */,
			);
			buildRules = (
			);
			dependencies = (
			);
			name = ChenEasonLib;
			productName = ChenEasonLib;
			productReference = B8165E611DDB39C6008E3059 /* ChenEasonLib.framework */;
			productType = "com.apple.product-type.framework";
		};
/* End PBXNativeTarget section */

/* Begin PBXProject section */
		B8165E581DDB39C6008E3059 /* Project object */ = {
			isa = PBXProject;
			attributes = {
				LastUpgradeCheck = 0810;
				ORGANIZATIONNAME = yintao;
				TargetAttributes = {
					B8165E601DDB39C6008E3059 = {
						CreatedOnToolsVersion = 8.1;
						DevelopmentTeam = MS76RL3ZYD;
						ProvisioningStyle = Automatic;
					};
				};
			};
			buildConfigurationList = B8165E5B1DDB39C6008E3059 /* Build configuration list for PBXProject "ChenEasonLib" */;
			compatibilityVersion = "Xcode 3.2";
			developmentRegion = English;
			hasScannedForEncodings = 0;
			knownRegions = (
				en,
			);
			mainGroup = B8165E571DDB39C6008E3059;
			productRefGroup = B8165E621DDB39C6008E3059 /* Products */;
			projectDirPath = "";
			projectRoot = "";
			targets = (
				B8165E601DDB39C6008E3059 /* ChenEasonLib */,
			);
		};
/* End PBXProject section */

/* Begin PBXResourcesBuildPhase section */
		B8165E5F1DDB39C6008E3059 /* Resources */ = {
			isa = PBXResourcesBuildPhase;
			buildActionMask = 2147483647;
			files = (
			);
			runOnlyForDeploymentPostprocessing = 0;
		};
/* End PBXResourcesBuildPhase section */

/* Begin PBXSourcesBuildPhase section */
		B8165E5C1DDB39C6008E3059 /* Sources */ = {
			isa = PBXSourcesBuildPhase;
			buildActionMask = 2147483647;
			files = (
				B8165E6F1DDB39D8008E3059 /* ChenEasonObject.m in Sources */,
			);
			runOnlyForDeploymentPostprocessing = 0;
		};
/* End PBXSourcesBuildPhase section */

/* Begin XCBuildConfiguration section */
		B8165E671DDB39C6008E3059 /* Debug */ = {
			isa = XCBuildConfiguration;
			buildSettings = {
				ALWAYS_SEARCH_USER_PATHS = NO;
				CLANG_ANALYZER_NONNULL = YES;
				CLANG_CXX_LANGUAGE_STANDARD = "gnu++0x";
				CLANG_CXX_LIBRARY = "libc++";
				CLANG_ENABLE_MODULES = YES;
				CLANG_ENABLE_OBJC_ARC = YES;
				CLANG_WARN_BOOL_CONVERSION = YES;
				CLANG_WARN_CONSTANT_CONVERSION = YES;
				CLANG_WARN_DIRECT_OBJC_ISA_USAGE = YES_ERROR;
				CLANG_WARN_DOCUMENTATION_COMMENTS = YES;
				CLANG_WARN_EMPTY_BODY = YES;
				CLANG_WARN_ENUM_CONVERSION = YES;
				CLANG_WARN_INFINITE_RECURSION = YES;
				CLANG_WARN_INT_CONVERSION = YES;
				CLANG_WARN_OBJC_ROOT_CLASS = YES_ERROR;
				CLANG_WARN_SUSPICIOUS_MOVES = YES;
				CLANG_WARN_UNREACHABLE_CODE = YES;
				CLANG_WARN__DUPLICATE_METHOD_MATCH = YES;
				"CODE_SIGN_IDENTITY[sdk=iphoneos*]" = "iPhone Developer";
				COPY_PHASE_STRIP = NO;
				CURRENT_PROJECT_VERSION = 1;
				DEBUG_INFORMATION_FORMAT = dwarf;
				ENABLE_STRICT_OBJC_MSGSEND = YES;
				ENABLE_TESTABILITY = YES;
				GCC_C_LANGUAGE_STANDARD = gnu99;
				GCC_DYNAMIC_NO_PIC = NO;
				GCC_NO_COMMON_BLOCKS = YES;
				GCC_OPTIMIZATION_LEVEL = 0;
				GCC_PREPROCESSOR_DEFINITIONS = (
					"DEBUG=1",
					"$(inherited)",
				);
				GCC_WARN_64_TO_32_BIT_CONVERSION = YES;
				GCC_WARN_ABOUT_RETURN_TYPE = YES_ERROR;
				GCC_WARN_UNDECLARED_SELECTOR = YES;
				GCC_WARN_UNINITIALIZED_AUTOS = YES_AGGRESSIVE;
				GCC_WARN_UNUSED_FUNCTION = YES;
				GCC_WARN_UNUSED_VARIABLE = YES;
				IPHONEOS_DEPLOYMENT_TARGET = 10.1;
				MTL_ENABLE_DEBUG_INFO = YES;
				ONLY_ACTIVE_ARCH = YES;
				SDKROOT = iphoneos;
				TARGETED_DEVICE_FAMILY = "1,2";
				VERSIONING_SYSTEM = "apple-generic";
				VERSION_INFO_PREFIX = "";
			};
			name = Debug;
		};
		B8165E681DDB39C6008E3059 /* Release */ = {
			isa = XCBuildConfiguration;
			buildSettings = {
				ALWAYS_SEARCH_USER_PATHS = NO;
				CLANG_ANALYZER_NONNULL = YES;
				CLANG_CXX_LANGUAGE_STANDARD = "gnu++0x";
				CLANG_CXX_LIBRARY = "libc++";
				CLANG_ENABLE_MODULES = YES;
				CLANG_ENABLE_OBJC_ARC = YES;
				CLANG_WARN_BOOL_CONVERSION = YES;
				CLANG_WARN_CONSTANT_CONVERSION = YES;
				CLANG_WARN_DIRECT_OBJC_ISA_USAGE = YES_ERROR;
				CLANG_WARN_DOCUMENTATION_COMMENTS = YES;
				CLANG_WARN_EMPTY_BODY = YES;
				CLANG_WARN_ENUM_CONVERSION = YES;
				CLANG_WARN_INFINITE_RECURSION = YES;
				CLANG_WARN_INT_CONVERSION = YES;
				CLANG_WARN_OBJC_ROOT_CLASS = YES_ERROR;
				CLANG_WARN_SUSPICIOUS_MOVES = YES;
				CLANG_WARN_UNREACHABLE_CODE = YES;
				CLANG_WARN__DUPLICATE_METHOD_MATCH = YES;
				"CODE_SIGN_IDENTITY[sdk=iphoneos*]" = "iPhone Developer";
				COPY_PHASE_STRIP = NO;
				CURRENT_PROJECT_VERSION = 1;
				DEBUG_INFORMATION_FORMAT = "dwarf-with-dsym";
				ENABLE_NS_ASSERTIONS = NO;
				ENABLE_STRICT_OBJC_MSGSEND = YES;
				GCC_C_LANGUAGE_STANDARD = gnu99;
				GCC_NO_COMMON_BLOCKS = YES;
				GCC_WARN_64_TO_32_BIT_CONVERSION = YES;
				GCC_WARN_ABOUT_RETURN_TYPE = YES_ERROR;
				GCC_WARN_UNDECLARED_SELECTOR = YES;
				GCC_WARN_UNINITIALIZED_AUTOS = YES_AGGRESSIVE;
				GCC_WARN_UNUSED_FUNCTION = YES;
				GCC_WARN_UNUSED_VARIABLE = YES;
				IPHONEOS_DEPLOYMENT_TARGET = 10.1;
				MTL_ENABLE_DEBUG_INFO = NO;
				SDKROOT = iphoneos;
				TARGETED_DEVICE_FAMILY = "1,2";
				VALIDATE_PRODUCT = YES;
				VERSIONING_SYSTEM = "apple-generic";
				VERSION_INFO_PREFIX = "";
			};
			name = Release;
		};
		B8165E6A1DDB39C6008E3059 /* Debug */ = {
			isa = XCBuildConfiguration;
			buildSettings = {
				CODE_SIGN_IDENTITY = "";
				DEFINES_MODULE = YES;
				DEVELOPMENT_TEAM = MS76RL3ZYD;
				DYLIB_COMPATIBILITY_VERSION = 1;
				DYLIB_CURRENT_VERSION = 1;
				DYLIB_INSTALL_NAME_BASE = "@rpath";
				INFOPLIST_FILE = ChenEasonLib/Info.plist;
				INSTALL_PATH = "$(LOCAL_LIBRARY_DIR)/Frameworks";
				LD_RUNPATH_SEARCH_PATHS = "$(inherited) @executable_path/Frameworks @loader_path/Frameworks";
				PRODUCT_BUNDLE_IDENTIFIER = com.JPTest.ChenEasonLib;
				PRODUCT_NAME = "$(TARGET_NAME)";
				SKIP_INSTALL = YES;
			};
			name = Debug;
		};
		B8165E6B1DDB39C6008E3059 /* Release */ = {
			isa = XCBuildConfiguration;
			buildSettings = {
				CODE_SIGN_IDENTITY = "";
				DEFINES_MODULE = YES;
				DEVELOPMENT_TEAM = MS76RL3ZYD;
				DYLIB_COMPATIBILITY_VERSION = 1;
				DYLIB_CURRENT_VERSION = 1;
				DYLIB_INSTALL_NAME_BASE = "@rpath";
				INFOPLIST_FILE = ChenEasonLib/Info.plist;
				INSTALL_PATH = "$(LOCAL_LIBRARY_DIR)/Frameworks";
				LD_RUNPATH_SEARCH_PATHS = "$(inherited) @executable_path/Frameworks @loader_path/Frameworks";
				PRODUCT_BUNDLE_IDENTIFIER = com.JPTest.ChenEasonLib;
				PRODUCT_NAME = "$(TARGET_NAME)";
				SKIP_INSTALL = YES;
			};
			name = Release;
		};
/* End XCBuildConfiguration section */

/* Begin XCConfigurationList section */
		B8165E5B1DDB39C6008E3059 /* Build configuration list for PBXProject "ChenEasonLib" */ = {
			isa = XCConfigurationList;
			buildConfigurations = (
				B8165E671DDB39C6008E3059 /* Debug */,
				B8165E681DDB39C6008E3059 /* Release */,
			);
			defaultConfigurationIsVisible = 0;
			defaultConfigurationName = Release;
		};
		B8165E691DDB39C6008E3059 /* Build configuration list for PBXNativeTarget "ChenEasonLib" */ = {
			isa = XCConfigurationList;
			buildConfigurations = (
				B8165E6A1DDB39C6008E3059 /* Debug */,
				B8165E6B1DDB39C6008E3059 /* Release */,
			);
			defaultConfigurationIsVisible = 0;
			defaultConfigurationName = Release;
		};
/* End XCConfigurationList section */
	};
	rootObject = B8165E581DDB39C6008E3059 /* Project object */;
}
